
Microsoft Visual Studio Solution File, Format Version 12.00
# Visual Studio Version 17
VisualStudioVersion = 17.11.35312.102
MinimumVisualStudioVersion = 10.0.40219.1
Project("{9A19103F-16F7-4668-BE54-9A1E7A4F7556}") = "Auxillary", "Auxillary\Auxillary.csproj", "{DAAA9340-4898-4251-A4B6-9B0FA649FABD}"
	ProjectSection(ProjectDependencies) = postProject
		{B7AF7719-2C45-4D5A-8E1A-BA29CEAA22E6} = {B7AF7719-2C45-4D5A-8E1A-BA29CEAA22E6}
	EndProjectSection
EndProject
Project("{9A19103F-16F7-4668-BE54-9A1E7A4F7556}") = "AppLayer", "AppLayer\AppLayer.csproj", "{B7AF7719-2C45-4D5A-8E1A-BA29CEAA22E6}"
EndProject
Project("{FAE04EC0-301F-11D3-BF4B-00C04F79EFBC}") = "Infrastructure", "Infrastructure\Infrastructure.csproj", "{ABDFD094-80E0-4667-8C82-BA23E7900A2A}"
EndProject
Global
	GlobalSection(SolutionConfigurationPlatforms) = preSolution
		Debug|Any CPU = Debug|Any CPU
		Release|Any CPU = Release|Any CPU
	EndGlobalSection
	GlobalSection(ProjectConfigurationPlatforms) = postSolution
		{DAAA9340-4898-4251-A4B6-9B0FA649FABD}.Debug|Any CPU.ActiveCfg = Debug|Any CPU
		{DAAA9340-4898-4251-A4B6-9B0FA649FABD}.Debug|Any CPU.Build.0 = Debug|Any CPU
		{DAAA9340-4898-4251-A4B6-9B0FA649FABD}.Debug|Any CPU.Deploy.0 = Debug|Any CPU
		{DAAA9340-4898-4251-A4B6-9B0FA649FABD}.Release|Any CPU.ActiveCfg = Release|Any CPU
		{DAAA9340-4898-4251-A4B6-9B0FA649FABD}.Release|Any CPU.Build.0 = Release|Any CPU
		{DAAA9340-4898-4251-A4B6-9B0FA649FABD}.Release|Any CPU.Deploy.0 = Release|Any CPU
		{B7AF7719-2C45-4D5A-8E1A-BA29CEAA22E6}.Debug|Any CPU.ActiveCfg = Debug|Any CPU
		{B7AF7719-2C45-4D5A-8E1A-BA29CEAA22E6}.Debug|Any CPU.Build.0 = Debug|Any CPU
		{B7AF7719-2C45-4D5A-8E1A-BA29CEAA22E6}.Release|Any CPU.ActiveCfg = Release|Any CPU
		{B7AF7719-2C45-4D5A-8E1A-BA29CEAA22E6}.Release|Any CPU.Build.0 = Release|Any CPU
		{ABDFD094-80E0-4667-8C82-BA23E7900A2A}.Debug|Any CPU.ActiveCfg = Debug|Any CPU
		{ABDFD094-80E0-4667-8C82-BA23E7900A2A}.Debug|Any CPU.Build.0 = Debug|Any CPU
		{ABDFD094-80E0-4667-8C82-BA23E7900A2A}.Release|Any CPU.ActiveCfg = Release|Any CPU
		{ABDFD094-80E0-4667-8C82-BA23E7900A2A}.Release|Any CPU.Build.0 = Release|Any CPU
	EndGlobalSection
	GlobalSection(SolutionProperties) = preSolution
		HideSolutionNode = FALSE
	EndGlobalSection
	GlobalSection(ExtensibilityGlobals) = postSolution
		SolutionGuid = {FBC730F0-C9AE-47CE-B1A6-47070BF203DE}
	EndGlobalSection
EndGlobal
